{
  "name": "test",
  "version": "1.0.0",
  "lockfileVersion": 2,
  "requires": true,
  "packages": {
    "": {
      "name": "test",
      "version": "1.0.0",
      "license": "ISC",
      "dependencies": {
        "memoir": "file:.."
      }
    },
    "..": {
      "version": "1.0.2",
      "license": "MIT",
      "devDependencies": {
        "@types/node": "^18.11.9",
        "typescript": "^4.9.3"
      }
    },
    "../node_modules/@types/node": {
      "version": "18.11.18",
      "dev": true,
      "license": "MIT"
    },
    "../node_modules/typescript": {
      "version": "4.9.4",
      "dev": true,
      "license": "Apache-2.0",
      "bin": {
        "tsc": "bin/tsc",
        "tsserver": "bin/tsserver"
      },
      "engines": {
        "node": ">=4.2.0"
      }
    },
    "node_modules/memoir": {
      "resolved": "..",
      "link": true
    }
  },
  "dependencies": {
    "memoir": {
      "version": "file:..",
      "requires": {
        "@types/node": "^18.11.9",
        "typescript": "^4.9.3"
      },
      "dependencies": {
        "@types/node": {
          "version": "18.11.18",
          "dev": true
        },
        "typescript": {
          "version": "4.9.4",
          "dev": true
        }
      }
    }
  }
}
