{
  "name": "memoir",
  "version": "1.0.2",
  "lockfileVersion": 2,
  "requires": true,
  "packages": {
    "": {
      "name": "memoir",
      "version": "1.0.2",
      "license": "MIT",
      "dependencies": {
        "memoir": "file:",
        "wrighter": "file:../wrighter"
      },
      "devDependencies": {
        "@types/node": "^18.11.9",
        "typescript": "^4.9.3"
      }
    },
    "../wrighter": {
      "version": "1.0.3",
      "license": "MIT",
      "devDependencies": {
        "@types/node": "^18.11.9",
        "typescript": "^4.9.3"
      }
    },
    "node_modules/@types/node": {
      "version": "18.11.18",
      "resolved": "https://registry.npmjs.org/@types/node/-/node-18.11.18.tgz",
      "integrity": "sha512-DHQpWGjyQKSHj3ebjFI/wRKcqQcdR+MoFBygntYOZytCqNfkd2ZC4ARDJ2DQqhjH5p85Nnd3jhUJIXrszFX/JA==",
      "dev": true
    },
    "node_modules/memoir": {
      "resolved": "",
      "link": true
    },
    "node_modules/typescript": {
      "version": "4.9.4",
      "resolved": "https://registry.npmjs.org/typescript/-/typescript-4.9.4.tgz",
      "integrity": "sha512-Uz+dTXYzxXXbsFpM86Wh3dKCxrQqUcVMxwU54orwlJjOpO3ao8L7j5lH+dWfTwgCwIuM9GQ2kvVotzYJMXTBZg==",
      "dev": true,
      "bin": {
        "tsc": "bin/tsc",
        "tsserver": "bin/tsserver"
      },
      "engines": {
        "node": ">=4.2.0"
      }
    },
    "node_modules/wrighter": {
      "resolved": "../wrighter",
      "link": true
    }
  },
  "dependencies": {
    "@types/node": {
      "version": "18.11.18",
      "resolved": "https://registry.npmjs.org/@types/node/-/node-18.11.18.tgz",
      "integrity": "sha512-DHQpWGjyQKSHj3ebjFI/wRKcqQcdR+MoFBygntYOZytCqNfkd2ZC4ARDJ2DQqhjH5p85Nnd3jhUJIXrszFX/JA==",
      "dev": true
    },
    "memoir": {
      "version": "file:",
      "requires": {
        "@types/node": "^18.11.9",
        "memoir": "file:",
        "typescript": "^4.9.3",
        "wrighter": "file:../wrighter"
      },
      "dependencies": {
        "@types/node": {
          "version": "18.11.18",
          "resolved": "https://registry.npmjs.org/@types/node/-/node-18.11.18.tgz",
          "integrity": "sha512-DHQpWGjyQKSHj3ebjFI/wRKcqQcdR+MoFBygntYOZytCqNfkd2ZC4ARDJ2DQqhjH5p85Nnd3jhUJIXrszFX/JA==",
          "dev": true
        },
        "typescript": {
          "version": "4.9.4",
          "resolved": "https://registry.npmjs.org/typescript/-/typescript-4.9.4.tgz",
          "integrity": "sha512-Uz+dTXYzxXXbsFpM86Wh3dKCxrQqUcVMxwU54orwlJjOpO3ao8L7j5lH+dWfTwgCwIuM9GQ2kvVotzYJMXTBZg==",
          "dev": true
        },
        "wrighter": {
          "version": "file:../wrighter",
          "requires": {
            "@types/node": "^18.11.9",
            "typescript": "^4.9.3"
          }
        }
      }
    },
    "typescript": {
      "version": "4.9.4",
      "resolved": "https://registry.npmjs.org/typescript/-/typescript-4.9.4.tgz",
      "integrity": "sha512-Uz+dTXYzxXXbsFpM86Wh3dKCxrQqUcVMxwU54orwlJjOpO3ao8L7j5lH+dWfTwgCwIuM9GQ2kvVotzYJMXTBZg==",
      "dev": true
    },
    "wrighter": {
      "version": "file:../wrighter",
      "requires": {
        "@types/node": "^18.11.9",
        "typescript": "^4.9.3"
      }
    }
  }
}
